
Microsoft Visual Studio Solution File, Format Version 12.00
# Visual Studio 15
VisualStudioVersion = 15.0.27130.2036
MinimumVisualStudioVersion = 10.0.40219.1
Project("{FAE04EC0-301F-11D3-BF4B-00C04F79EFBC}") = "Clockwork.Vault.Core", "Clockwork.Vault.Core\Clockwork.Vault.Core.csproj", "{21A1B51D-A5A4-48E8-8C17-9DE10AC0408F}"
EndProject
Project("{2150E333-8FDC-42A3-9474-1A3956D46DE8}") = "Tidal", "Tidal", "{95738BBC-77D9-44F0-B619-A0D006FFED32}"
EndProject
Project("{FAE04EC0-301F-11D3-BF4B-00C04F79EFBC}") = "Clockwork.Vault.Integrations.Tidal", "Clockwork.Vault.Integrations.Tidal\Clockwork.Vault.Integrations.Tidal.csproj", "{9F3EB900-6A41-431B-9CCF-853481733AB7}"
EndProject
Project("{FAE04EC0-301F-11D3-BF4B-00C04F79EFBC}") = "Clockwork.Vault.Integrations.Tidal.Tests", "Clockwork.Vault.Integrations.Tidal.Tests\Clockwork.Vault.Integrations.Tidal.Tests.csproj", "{D9FA896E-2F5F-45A3-A093-0630C37DC408}"
EndProject
Project("{2150E333-8FDC-42A3-9474-1A3956D46DE8}") = "Solution items", "Solution items", "{EF4D8885-7BBD-48C7-912B-B1D846CA53B3}"
	ProjectSection(SolutionItems) = preProject
		.gitignore = .gitignore
	EndProjectSection
EndProject
Global
	GlobalSection(SolutionConfigurationPlatforms) = preSolution
		Debug|Any CPU = Debug|Any CPU
		Release|Any CPU = Release|Any CPU
	EndGlobalSection
	GlobalSection(ProjectConfigurationPlatforms) = postSolution
		{21A1B51D-A5A4-48E8-8C17-9DE10AC0408F}.Debug|Any CPU.ActiveCfg = Debug|Any CPU
		{21A1B51D-A5A4-48E8-8C17-9DE10AC0408F}.Debug|Any CPU.Build.0 = Debug|Any CPU
		{21A1B51D-A5A4-48E8-8C17-9DE10AC0408F}.Release|Any CPU.ActiveCfg = Release|Any CPU
		{21A1B51D-A5A4-48E8-8C17-9DE10AC0408F}.Release|Any CPU.Build.0 = Release|Any CPU
		{9F3EB900-6A41-431B-9CCF-853481733AB7}.Debug|Any CPU.ActiveCfg = Debug|Any CPU
		{9F3EB900-6A41-431B-9CCF-853481733AB7}.Debug|Any CPU.Build.0 = Debug|Any CPU
		{9F3EB900-6A41-431B-9CCF-853481733AB7}.Release|Any CPU.ActiveCfg = Release|Any CPU
		{9F3EB900-6A41-431B-9CCF-853481733AB7}.Release|Any CPU.Build.0 = Release|Any CPU
		{D9FA896E-2F5F-45A3-A093-0630C37DC408}.Debug|Any CPU.ActiveCfg = Debug|Any CPU
		{D9FA896E-2F5F-45A3-A093-0630C37DC408}.Debug|Any CPU.Build.0 = Debug|Any CPU
		{D9FA896E-2F5F-45A3-A093-0630C37DC408}.Release|Any CPU.ActiveCfg = Release|Any CPU
		{D9FA896E-2F5F-45A3-A093-0630C37DC408}.Release|Any CPU.Build.0 = Release|Any CPU
	EndGlobalSection
	GlobalSection(SolutionProperties) = preSolution
		HideSolutionNode = FALSE
	EndGlobalSection
	GlobalSection(NestedProjects) = preSolution
		{9F3EB900-6A41-431B-9CCF-853481733AB7} = {95738BBC-77D9-44F0-B619-A0D006FFED32}
		{D9FA896E-2F5F-45A3-A093-0630C37DC408} = {95738BBC-77D9-44F0-B619-A0D006FFED32}
	EndGlobalSection
	GlobalSection(ExtensibilityGlobals) = postSolution
		SolutionGuid = {63804355-EDE6-4AC1-9338-D29256F8A3D4}
	EndGlobalSection
EndGlobal
