
Microsoft Visual Studio Solution File, Format Version 12.00
# Visual Studio 15
VisualStudioVersion = 15.0.27130.2036
MinimumVisualStudioVersion = 10.0.40219.1
Project("{FAE04EC0-301F-11D3-BF4B-00C04F79EFBC}") = "Clockwork.Vault.Core", "Clockwork.Vault.Core\Clockwork.Vault.Core.csproj", "{21A1B51D-A5A4-48E8-8C17-9DE10AC0408F}"
EndProject
Project("{2150E333-8FDC-42A3-9474-1A3956D46DE8}") = "Data In From External Sources - Tidal", "Data In From External Sources - Tidal", "{95738BBC-77D9-44F0-B619-A0D006FFED32}"
EndProject
Project("{FAE04EC0-301F-11D3-BF4B-00C04F79EFBC}") = "Clockwork.Vault.Integrations.Tidal", "Clockwork.Vault.Integrations.Tidal\Clockwork.Vault.Integrations.Tidal.csproj", "{9F3EB900-6A41-431B-9CCF-853481733AB7}"
EndProject
Project("{FAE04EC0-301F-11D3-BF4B-00C04F79EFBC}") = "Clockwork.Vault.Integrations.Tidal.Tests", "Clockwork.Vault.Integrations.Tidal.Tests\Clockwork.Vault.Integrations.Tidal.Tests.csproj", "{D9FA896E-2F5F-45A3-A093-0630C37DC408}"
EndProject
Project("{2150E333-8FDC-42A3-9474-1A3956D46DE8}") = "_Solution items", "_Solution items", "{EF4D8885-7BBD-48C7-912B-B1D846CA53B3}"
	ProjectSection(SolutionItems) = preProject
		.gitignore = .gitignore
	EndProjectSection
EndProject
Project("{FAE04EC0-301F-11D3-BF4B-00C04F79EFBC}") = "Clockwork.Vault.Integrations.Tidal.Orchestration", "Clockwork.Vault.Integrations.Tidal.Orchestration\Clockwork.Vault.Integrations.Tidal.Orchestration.csproj", "{8A230145-CF3B-4185-89BA-1026F40FF1D2}"
EndProject
Project("{FAE04EC0-301F-11D3-BF4B-00C04F79EFBC}") = "Clockwork.Vault.WebApi", "Clockwork.Vault.WebApi\Clockwork.Vault.WebApi.csproj", "{25671373-BE78-46FD-B09A-4BBD23BC5E30}"
EndProject
Project("{2150E333-8FDC-42A3-9474-1A3956D46DE8}") = "DAO", "DAO", "{9DFF69DC-CC42-4C4B-956D-59F158F76B61}"
EndProject
Project("{2150E333-8FDC-42A3-9474-1A3956D46DE8}") = "Web", "Web", "{FF375F94-6460-48CF-9C67-6DADB1C501A3}"
EndProject
Project("{2150E333-8FDC-42A3-9474-1A3956D46DE8}") = "Core", "Core", "{BA6610EA-BD00-4375-A24A-7B4EC245D361}"
EndProject
Project("{FAE04EC0-301F-11D3-BF4B-00C04F79EFBC}") = "Clockwork.Vault.Dao", "Clockwork.Vault.Dao\Clockwork.Vault.Dao.csproj", "{B2132870-9C21-492A-A47C-F56804F29675}"
EndProject
Project("{FAE04EC0-301F-11D3-BF4B-00C04F79EFBC}") = "Clockwork.Vault.Query.Tidal", "Clockwork.Vault.Query.Tidal\Clockwork.Vault.Query.Tidal.csproj", "{686FE782-BA0A-4B30-BC30-D41A50DFEE20}"
EndProject
Project("{2150E333-8FDC-42A3-9474-1A3956D46DE8}") = "Data Out from DB (Queries)", "Data Out from DB (Queries)", "{F3474E9A-D69B-485B-8BDF-347776D9085F}"
EndProject
Project("{FAE04EC0-301F-11D3-BF4B-00C04F79EFBC}") = "Clockwork.Vault.Query.Master", "Clockwork.Vault.Query.Master\Clockwork.Vault.Query.Master.csproj", "{A8DCDEC8-0C7A-4C87-8AF8-71C944E1423D}"
EndProject
Project("{FAE04EC0-301F-11D3-BF4B-00C04F79EFBC}") = "Clockwork.Vault.DataTransfer.TidalToMaster", "Clockwork.Vault.DataTransfer.TidalToMaster\Clockwork.Vault.DataTransfer.TidalToMaster.csproj", "{2185F760-0CE3-41AB-98B9-B4CCDF0B5FAD}"
EndProject
Project("{2150E333-8FDC-42A3-9474-1A3956D46DE8}") = "Data Transfer", "Data Transfer", "{D3EEF501-14D5-413F-852B-F8C2E967AA54}"
EndProject
Project("{FAE04EC0-301F-11D3-BF4B-00C04F79EFBC}") = "Clockwork.Vault.DataTransfer.TidalToMaster.Tests", "Clockwork.Vault.DataTransfer.TidalToMaster.Tests\Clockwork.Vault.DataTransfer.TidalToMaster.Tests.csproj", "{5919004E-BD67-4506-B803-CA7E0FA30656}"
EndProject
Global
	GlobalSection(SolutionConfigurationPlatforms) = preSolution
		Debug|Any CPU = Debug|Any CPU
		Release|Any CPU = Release|Any CPU
	EndGlobalSection
	GlobalSection(ProjectConfigurationPlatforms) = postSolution
		{21A1B51D-A5A4-48E8-8C17-9DE10AC0408F}.Debug|Any CPU.ActiveCfg = Debug|Any CPU
		{21A1B51D-A5A4-48E8-8C17-9DE10AC0408F}.Debug|Any CPU.Build.0 = Debug|Any CPU
		{21A1B51D-A5A4-48E8-8C17-9DE10AC0408F}.Release|Any CPU.ActiveCfg = Release|Any CPU
		{21A1B51D-A5A4-48E8-8C17-9DE10AC0408F}.Release|Any CPU.Build.0 = Release|Any CPU
		{9F3EB900-6A41-431B-9CCF-853481733AB7}.Debug|Any CPU.ActiveCfg = Debug|Any CPU
		{9F3EB900-6A41-431B-9CCF-853481733AB7}.Debug|Any CPU.Build.0 = Debug|Any CPU
		{9F3EB900-6A41-431B-9CCF-853481733AB7}.Release|Any CPU.ActiveCfg = Release|Any CPU
		{9F3EB900-6A41-431B-9CCF-853481733AB7}.Release|Any CPU.Build.0 = Release|Any CPU
		{D9FA896E-2F5F-45A3-A093-0630C37DC408}.Debug|Any CPU.ActiveCfg = Debug|Any CPU
		{D9FA896E-2F5F-45A3-A093-0630C37DC408}.Debug|Any CPU.Build.0 = Debug|Any CPU
		{D9FA896E-2F5F-45A3-A093-0630C37DC408}.Release|Any CPU.ActiveCfg = Release|Any CPU
		{D9FA896E-2F5F-45A3-A093-0630C37DC408}.Release|Any CPU.Build.0 = Release|Any CPU
		{8A230145-CF3B-4185-89BA-1026F40FF1D2}.Debug|Any CPU.ActiveCfg = Debug|Any CPU
		{8A230145-CF3B-4185-89BA-1026F40FF1D2}.Debug|Any CPU.Build.0 = Debug|Any CPU
		{8A230145-CF3B-4185-89BA-1026F40FF1D2}.Release|Any CPU.ActiveCfg = Release|Any CPU
		{8A230145-CF3B-4185-89BA-1026F40FF1D2}.Release|Any CPU.Build.0 = Release|Any CPU
		{25671373-BE78-46FD-B09A-4BBD23BC5E30}.Debug|Any CPU.ActiveCfg = Debug|Any CPU
		{25671373-BE78-46FD-B09A-4BBD23BC5E30}.Debug|Any CPU.Build.0 = Debug|Any CPU
		{25671373-BE78-46FD-B09A-4BBD23BC5E30}.Release|Any CPU.ActiveCfg = Release|Any CPU
		{25671373-BE78-46FD-B09A-4BBD23BC5E30}.Release|Any CPU.Build.0 = Release|Any CPU
		{B2132870-9C21-492A-A47C-F56804F29675}.Debug|Any CPU.ActiveCfg = Debug|Any CPU
		{B2132870-9C21-492A-A47C-F56804F29675}.Debug|Any CPU.Build.0 = Debug|Any CPU
		{B2132870-9C21-492A-A47C-F56804F29675}.Release|Any CPU.ActiveCfg = Release|Any CPU
		{B2132870-9C21-492A-A47C-F56804F29675}.Release|Any CPU.Build.0 = Release|Any CPU
		{686FE782-BA0A-4B30-BC30-D41A50DFEE20}.Debug|Any CPU.ActiveCfg = Debug|Any CPU
		{686FE782-BA0A-4B30-BC30-D41A50DFEE20}.Debug|Any CPU.Build.0 = Debug|Any CPU
		{686FE782-BA0A-4B30-BC30-D41A50DFEE20}.Release|Any CPU.ActiveCfg = Release|Any CPU
		{686FE782-BA0A-4B30-BC30-D41A50DFEE20}.Release|Any CPU.Build.0 = Release|Any CPU
		{A8DCDEC8-0C7A-4C87-8AF8-71C944E1423D}.Debug|Any CPU.ActiveCfg = Debug|Any CPU
		{A8DCDEC8-0C7A-4C87-8AF8-71C944E1423D}.Debug|Any CPU.Build.0 = Debug|Any CPU
		{A8DCDEC8-0C7A-4C87-8AF8-71C944E1423D}.Release|Any CPU.ActiveCfg = Release|Any CPU
		{A8DCDEC8-0C7A-4C87-8AF8-71C944E1423D}.Release|Any CPU.Build.0 = Release|Any CPU
		{2185F760-0CE3-41AB-98B9-B4CCDF0B5FAD}.Debug|Any CPU.ActiveCfg = Debug|Any CPU
		{2185F760-0CE3-41AB-98B9-B4CCDF0B5FAD}.Debug|Any CPU.Build.0 = Debug|Any CPU
		{2185F760-0CE3-41AB-98B9-B4CCDF0B5FAD}.Release|Any CPU.ActiveCfg = Release|Any CPU
		{2185F760-0CE3-41AB-98B9-B4CCDF0B5FAD}.Release|Any CPU.Build.0 = Release|Any CPU
		{5919004E-BD67-4506-B803-CA7E0FA30656}.Debug|Any CPU.ActiveCfg = Debug|Any CPU
		{5919004E-BD67-4506-B803-CA7E0FA30656}.Debug|Any CPU.Build.0 = Debug|Any CPU
		{5919004E-BD67-4506-B803-CA7E0FA30656}.Release|Any CPU.ActiveCfg = Release|Any CPU
		{5919004E-BD67-4506-B803-CA7E0FA30656}.Release|Any CPU.Build.0 = Release|Any CPU
	EndGlobalSection
	GlobalSection(SolutionProperties) = preSolution
		HideSolutionNode = FALSE
	EndGlobalSection
	GlobalSection(NestedProjects) = preSolution
		{21A1B51D-A5A4-48E8-8C17-9DE10AC0408F} = {BA6610EA-BD00-4375-A24A-7B4EC245D361}
		{9F3EB900-6A41-431B-9CCF-853481733AB7} = {95738BBC-77D9-44F0-B619-A0D006FFED32}
		{D9FA896E-2F5F-45A3-A093-0630C37DC408} = {95738BBC-77D9-44F0-B619-A0D006FFED32}
		{8A230145-CF3B-4185-89BA-1026F40FF1D2} = {95738BBC-77D9-44F0-B619-A0D006FFED32}
		{25671373-BE78-46FD-B09A-4BBD23BC5E30} = {FF375F94-6460-48CF-9C67-6DADB1C501A3}
		{B2132870-9C21-492A-A47C-F56804F29675} = {9DFF69DC-CC42-4C4B-956D-59F158F76B61}
		{686FE782-BA0A-4B30-BC30-D41A50DFEE20} = {F3474E9A-D69B-485B-8BDF-347776D9085F}
		{A8DCDEC8-0C7A-4C87-8AF8-71C944E1423D} = {F3474E9A-D69B-485B-8BDF-347776D9085F}
		{2185F760-0CE3-41AB-98B9-B4CCDF0B5FAD} = {D3EEF501-14D5-413F-852B-F8C2E967AA54}
		{5919004E-BD67-4506-B803-CA7E0FA30656} = {D3EEF501-14D5-413F-852B-F8C2E967AA54}
	EndGlobalSection
	GlobalSection(ExtensibilityGlobals) = postSolution
		SolutionGuid = {63804355-EDE6-4AC1-9338-D29256F8A3D4}
	EndGlobalSection
EndGlobal
